<Solution>
  <Project Path="Assembly-CSharp-Editor.csproj" />
  <Project Path="DynamicBone.csproj" />
  <Project Path="AITuber.Runtime.csproj" />
  <Project Path="Assembly-CSharp.csproj" />
  <Project Path="AITuber.Tests.EditMode.csproj" />
  <Project Path="AITuber.Tests.PlayMode.csproj" />
</Solution>
